// !$*UTF8*$!
{
	archiveVersion = 1;
	classes = {
	};
	objectVersion = 56;
	objects = {

/* Begin PBXBuildFile section */
		85489A372AEDD9410067813D /* AppDelegate.m in Sources */ = {isa = PBXBuildFile; fileRef = 85489A362AEDD9410067813D /* AppDelegate.m */; };
		85489A3A2AEDD9410067813D /* SceneDelegate.m in Sources */ = {isa = PBXBuildFile; fileRef = 85489A392AEDD9410067813D /* SceneDelegate.m */; };
		85489A3D2AEDD9410067813D /* ViewController.m in Sources */ = {isa = PBXBuildFile; fileRef = 85489A3C2AEDD9410067813D /* ViewController.m */; };
		85489A402AEDD9410067813D /* Main.storyboard in Resources */ = {isa = PBXBuildFile; fileRef = 85489A3E2AEDD9410067813D /* Main.storyboard */; };
		85489A422AEDD9450067813D /* Assets.xcassets in Resources */ = {isa = PBXBuildFile; fileRef = 85489A412AEDD9450067813D /* Assets.xcassets */; };
		85489A452AEDD9450067813D /* LaunchScreen.storyboard in Resources */ = {isa = PBXBuildFile; fileRef = 85489A432AEDD9450067813D /* LaunchScreen.storyboard */; };
		85489A482AEDD9450067813D /* main.m in Sources */ = {isa = PBXBuildFile; fileRef = 85489A472AEDD9450067813D /* main.m */; };
		856EB3FC2AEDE80E00D01048 /* Card.m in Sources */ = {isa = PBXBuildFile; fileRef = 856EB3FB2AEDE80E00D01048 /* Card.m */; };
		856EB3FF2AEDE84500D01048 /* PlayingCard.m in Sources */ = {isa = PBXBuildFile; fileRef = 856EB3FE2AEDE84500D01048 /* PlayingCard.m */; };
		856EB4022AEDE86200D01048 /* Deck.m in Sources */ = {isa = PBXBuildFile; fileRef = 856EB4012AEDE86200D01048 /* Deck.m */; };
		856EB4052AEDE89100D01048 /* PlayingCardDeck.m in Sources */ = {isa = PBXBuildFile; fileRef = 856EB4042AEDE89100D01048 /* PlayingCardDeck.m */; };
		856EB4082AEDE8E400D01048 /* CardMatchingGame.m in Sources */ = {isa = PBXBuildFile; fileRef = 856EB4072AEDE8E400D01048 /* CardMatchingGame.m */; };
/* End PBXBuildFile section */

/* Begin PBXFileReference section */
		85489A322AEDD9410067813D /* appGameCarts.app */ = {isa = PBXFileReference; explicitFileType = wrapper.application; includeInIndex = 0; path = appGameCarts.app; sourceTree = BUILT_PRODUCTS_DIR; };
		85489A352AEDD9410067813D /* AppDelegate.h */ = {isa = PBXFileReference; lastKnownFileType = sourcecode.c.h; path = AppDelegate.h; sourceTree = "<group>"; };
		85489A362AEDD9410067813D /* AppDelegate.m */ = {isa = PBXFileReference; lastKnownFileType = sourcecode.c.objc; path = AppDelegate.m; sourceTree = "<group>"; };
		85489A382AEDD9410067813D /* SceneDelegate.h */ = {isa = PBXFileReference; lastKnownFileType = sourcecode.c.h; path = SceneDelegate.h; sourceTree = "<group>"; };
		85489A392AEDD9410067813D /* SceneDelegate.m */ = {isa = PBXFileReference; lastKnownFileType = sourcecode.c.objc; path = SceneDelegate.m; sourceTree = "<group>"; };
		85489A3B2AEDD9410067813D /* ViewController.h */ = {isa = PBXFileReference; lastKnownFileType = sourcecode.c.h; path = ViewController.h; sourceTree = "<group>"; };
		85489A3C2AEDD9410067813D /* ViewController.m */ = {isa = PBXFileReference; lastKnownFileType = sourcecode.c.objc; path = ViewController.m; sourceTree = "<group>"; };
		85489A3F2AEDD9410067813D /* Base */ = {isa = PBXFileReference; lastKnownFileType = file.storyboard; name = Base; path = Base.lproj/Main.storyboard; sourceTree = "<group>"; };
		85489A412AEDD9450067813D /* Assets.xcassets */ = {isa = PBXFileReference; lastKnownFileType = folder.assetcatalog; path = Assets.xcassets; sourceTree = "<group>"; };
		85489A442AEDD9450067813D /* Base */ = {isa = PBXFileReference; lastKnownFileType = file.storyboard; name = Base; path = Base.lproj/LaunchScreen.storyboard; sourceTree = "<group>"; };
		85489A462AEDD9450067813D /* Info.plist */ = {isa = PBXFileReference; lastKnownFileType = text.plist.xml; path = Info.plist; sourceTree = "<group>"; };
		85489A472AEDD9450067813D /* main.m */ = {isa = PBXFileReference; lastKnownFileType = sourcecode.c.objc; path = main.m; sourceTree = "<group>"; };
		856EB3FA2AEDE80E00D01048 /* Card.h */ = {isa = PBXFileReference; lastKnownFileType = sourcecode.c.h; path = Card.h; sourceTree = "<group>"; };
		856EB3FB2AEDE80E00D01048 /* Card.m */ = {isa = PBXFileReference; lastKnownFileType = sourcecode.c.objc; path = Card.m; sourceTree = "<group>"; };
		856EB3FD2AEDE84500D01048 /* PlayingCard.h */ = {isa = PBXFileReference; lastKnownFileType = sourcecode.c.h; path = PlayingCard.h; sourceTree = "<group>"; };
		856EB3FE2AEDE84500D01048 /* PlayingCard.m */ = {isa = PBXFileReference; lastKnownFileType = sourcecode.c.objc; path = PlayingCard.m; sourceTree = "<group>"; };
		856EB4002AEDE86200D01048 /* Deck.h */ = {isa = PBXFileReference; lastKnownFileType = sourcecode.c.h; path = Deck.h; sourceTree = "<group>"; };
		856EB4012AEDE86200D01048 /* Deck.m */ = {isa = PBXFileReference; lastKnownFileType = sourcecode.c.objc; path = Deck.m; sourceTree = "<group>"; };
		856EB4032AEDE89100D01048 /* PlayingCardDeck.h */ = {isa = PBXFileReference; lastKnownFileType = sourcecode.c.h; path = PlayingCardDeck.h; sourceTree = "<group>"; };
		856EB4042AEDE89100D01048 /* PlayingCardDeck.m */ = {isa = PBXFileReference; lastKnownFileType = sourcecode.c.objc; path = PlayingCardDeck.m; sourceTree = "<group>"; };
		856EB4062AEDE8E400D01048 /* CardMatchingGame.h */ = {isa = PBXFileReference; lastKnownFileType = sourcecode.c.h; path = CardMatchingGame.h; sourceTree = "<group>"; };
		856EB4072AEDE8E400D01048 /* CardMatchingGame.m */ = {isa = PBXFileReference; lastKnownFileType = sourcecode.c.objc; path = CardMatchingGame.m; sourceTree = "<group>"; };
/* End PBXFileReference section */

/* Begin PBXFrameworksBuildPhase section */
		85489A2F2AEDD9410067813D /* Frameworks */ = {
			isa = PBXFrameworksBuildPhase;
			buildActionMask = 2147483647;
			files = (
			);
			runOnlyForDeploymentPostprocessing = 0;
		};
/* End PBXFrameworksBuildPhase section */

/* Begin PBXGroup section */
		85489A292AEDD9410067813D = {
			isa = PBXGroup;
			children = (
				85489A342AEDD9410067813D /* appGameCarts */,
				85489A332AEDD9410067813D /* Products */,
			);
			sourceTree = "<group>";
		};
		85489A332AEDD9410067813D /* Products */ = {
			isa = PBXGroup;
			children = (
				85489A322AEDD9410067813D /* appGameCarts.app */,
			);
			name = Products;
			sourceTree = "<group>";
		};
		85489A342AEDD9410067813D /* appGameCarts */ = {
			isa = PBXGroup;
			children = (
				85489A352AEDD9410067813D /* AppDelegate.h */,
				85489A362AEDD9410067813D /* AppDelegate.m */,
				85489A382AEDD9410067813D /* SceneDelegate.h */,
				85489A392AEDD9410067813D /* SceneDelegate.m */,
				85489A3B2AEDD9410067813D /* ViewController.h */,
				85489A3C2AEDD9410067813D /* ViewController.m */,
				85489A3E2AEDD9410067813D /* Main.storyboard */,
				85489A4E2AEDD99F0067813D /* model */,
				85489A412AEDD9450067813D /* Assets.xcassets */,
				85489A432AEDD9450067813D /* LaunchScreen.storyboard */,
				85489A462AEDD9450067813D /* Info.plist */,
				85489A472AEDD9450067813D /* main.m */,
			);
			path = appGameCarts;
			sourceTree = "<group>";
		};
		85489A4E2AEDD99F0067813D /* model */ = {
			isa = PBXGroup;
			children = (
				856EB3FA2AEDE80E00D01048 /* Card.h */,
				856EB3FB2AEDE80E00D01048 /* Card.m */,
				856EB3FD2AEDE84500D01048 /* PlayingCard.h */,
				856EB3FE2AEDE84500D01048 /* PlayingCard.m */,
				856EB4002AEDE86200D01048 /* Deck.h */,
				856EB4012AEDE86200D01048 /* Deck.m */,
				856EB4032AEDE89100D01048 /* PlayingCardDeck.h */,
				856EB4042AEDE89100D01048 /* PlayingCardDeck.m */,
				856EB4062AEDE8E400D01048 /* CardMatchingGame.h */,
				856EB4072AEDE8E400D01048 /* CardMatchingGame.m */,
			);
			path = model;
			sourceTree = "<group>";
		};
/* End PBXGroup section */

/* Begin PBXNativeTarget section */
		85489A312AEDD9410067813D /* appGameCarts */ = {
			isa = PBXNativeTarget;
			buildConfigurationList = 85489A4B2AEDD9450067813D /* Build configuration list for PBXNativeTarget "appGameCarts" */;
			buildPhases = (
				85489A2E2AEDD9410067813D /* Sources */,
				85489A2F2AEDD9410067813D /* Frameworks */,
				85489A302AEDD9410067813D /* Resources */,
			);
			buildRules = (
			);
			dependencies = (
			);
			name = appGameCarts;
			productName = appGameCarts;
			productReference = 85489A322AEDD9410067813D /* appGameCarts.app */;
			productType = "com.apple.product-type.application";
		};
/* End PBXNativeTarget section */

/* Begin PBXProject section */
		85489A2A2AEDD9410067813D /* Project object */ = {
			isa = PBXProject;
			attributes = {
				BuildIndependentTargetsInParallel = 1;
				LastUpgradeCheck = 1400;
				TargetAttributes = {
					85489A312AEDD9410067813D = {
						CreatedOnToolsVersion = 14.0.1;
					};
				};
			};
			buildConfigurationList = 85489A2D2AEDD9410067813D /* Build configuration list for PBXProject "appGameCarts" */;
			compatibilityVersion = "Xcode 14.0";
			developmentRegion = en;
			hasScannedForEncodings = 0;
			knownRegions = (
				en,
				Base,
			);
			mainGroup = 85489A292AEDD9410067813D;
			productRefGroup = 85489A332AEDD9410067813D /* Products */;
			projectDirPath = "";
			projectRoot = "";
			targets = (
				85489A312AEDD9410067813D /* appGameCarts */,
			);
		};
/* End PBXProject section */

/* Begin PBXResourcesBuildPhase section */
		85489A302AEDD9410067813D /* Resources */ = {
			isa = PBXResourcesBuildPhase;
			buildActionMask = 2147483647;
			files = (
				85489A452AEDD9450067813D /* LaunchScreen.storyboard in Resources */,
				85489A422AEDD9450067813D /* Assets.xcassets in Resources */,
				85489A402AEDD9410067813D /* Main.storyboard in Resources */,
			);
			runOnlyForDeploymentPostprocessing = 0;
		};
/* End PBXResourcesBuildPhase section */

/* Begin PBXSourcesBuildPhase section */
		85489A2E2AEDD9410067813D /* Sources */ = {
			isa = PBXSourcesBuildPhase;
			buildActionMask = 2147483647;
			files = (
				856EB3FF2AEDE84500D01048 /* PlayingCard.m in Sources */,
				856EB4052AEDE89100D01048 /* PlayingCardDeck.m in Sources */,
				856EB4022AEDE86200D01048 /* Deck.m in Sources */,
				856EB4082AEDE8E400D01048 /* CardMatchingGame.m in Sources */,
				856EB3FC2AEDE80E00D01048 /* Card.m in Sources */,
				85489A3D2AEDD9410067813D /* ViewController.m in Sources */,
				85489A372AEDD9410067813D /* AppDelegate.m in Sources */,
				85489A482AEDD9450067813D /* main.m in Sources */,
				85489A3A2AEDD9410067813D /* SceneDelegate.m in Sources */,
			);
			runOnlyForDeploymentPostprocessing = 0;
		};
/* End PBXSourcesBuildPhase section */

/* Begin PBXVariantGroup section */
		85489A3E2AEDD9410067813D /* Main.storyboard */ = {
			isa = PBXVariantGroup;
			children = (
				85489A3F2AEDD9410067813D /* Base */,
			);
			name = Main.storyboard;
			sourceTree = "<group>";
		};
		85489A432AEDD9450067813D /* LaunchScreen.storyboard */ = {
			isa = PBXVariantGroup;
			children = (
				85489A442AEDD9450067813D /* Base */,
			);
			name = LaunchScreen.storyboard;
			sourceTree = "<group>";
		};
/* End PBXVariantGroup section */

/* Begin XCBuildConfiguration section */
		85489A492AEDD9450067813D /* Debug */ = {
			isa = XCBuildConfiguration;
			buildSettings = {
				ALWAYS_SEARCH_USER_PATHS = NO;
				CLANG_ANALYZER_NONNULL = YES;
				CLANG_ANALYZER_NUMBER_OBJECT_CONVERSION = YES_AGGRESSIVE;
				CLANG_CXX_LANGUAGE_STANDARD = "gnu++20";
				CLANG_ENABLE_MODULES = YES;
				CLANG_ENABLE_OBJC_ARC = YES;
				CLANG_ENABLE_OBJC_WEAK = YES;
				CLANG_WARN_BLOCK_CAPTURE_AUTORELEASING = YES;
				CLANG_WARN_BOOL_CONVERSION = YES;
				CLANG_WARN_COMMA = YES;
				CLANG_WARN_CONSTANT_CONVERSION = YES;
				CLANG_WARN_DEPRECATED_OBJC_IMPLEMENTATIONS = YES;
				CLANG_WARN_DIRECT_OBJC_ISA_USAGE = YES_ERROR;
				CLANG_WARN_DOCUMENTATION_COMMENTS = YES;
				CLANG_WARN_EMPTY_BODY = YES;
				CLANG_WARN_ENUM_CONVERSION = YES;
				CLANG_WARN_INFINITE_RECURSION = YES;
				CLANG_WARN_INT_CONVERSION = YES;
				CLANG_WARN_NON_LITERAL_NULL_CONVERSION = YES;
				CLANG_WARN_OBJC_IMPLICIT_RETAIN_SELF = YES;
				CLANG_WARN_OBJC_LITERAL_CONVERSION = YES;
				CLANG_WARN_OBJC_ROOT_CLASS = YES_ERROR;
				CLANG_WARN_QUOTED_INCLUDE_IN_FRAMEWORK_HEADER = YES;
				CLANG_WARN_RANGE_LOOP_ANALYSIS = YES;
				CLANG_WARN_STRICT_PROTOTYPES = YES;
				CLANG_WARN_SUSPICIOUS_MOVE = YES;
				CLANG_WARN_UNGUARDED_AVAILABILITY = YES_AGGRESSIVE;
				CLANG_WARN_UNREACHABLE_CODE = YES;
				CLANG_WARN__DUPLICATE_METHOD_MATCH = YES;
				COPY_PHASE_STRIP = NO;
				DEBUG_INFORMATION_FORMAT = dwarf;
				ENABLE_STRICT_OBJC_MSGSEND = YES;
				ENABLE_TESTABILITY = YES;
				GCC_C_LANGUAGE_STANDARD = gnu11;
				GCC_DYNAMIC_NO_PIC = NO;
				GCC_NO_COMMON_BLOCKS = YES;
				GCC_OPTIMIZATION_LEVEL = 0;
				GCC_PREPROCESSOR_DEFINITIONS = (
					"DEBUG=1",
					"$(inherited)",
				);
				GCC_WARN_64_TO_32_BIT_CONVERSION = YES;
				GCC_WARN_ABOUT_RETURN_TYPE = YES_ERROR;
				GCC_WARN_UNDECLARED_SELECTOR = YES;
				GCC_WARN_UNINITIALIZED_AUTOS = YES_AGGRESSIVE;
				GCC_WARN_UNUSED_FUNCTION = YES;
				GCC_WARN_UNUSED_VARIABLE = YES;
				IPHONEOS_DEPLOYMENT_TARGET = 16.0;
				MTL_ENABLE_DEBUG_INFO = INCLUDE_SOURCE;
				MTL_FAST_MATH = YES;
				ONLY_ACTIVE_ARCH = YES;
				SDKROOT = iphoneos;
			};
			name = Debug;
		};
		85489A4A2AEDD9450067813D /* Release */ = {
			isa = XCBuildConfiguration;
			buildSettings = {
				ALWAYS_SEARCH_USER_PATHS = NO;
				CLANG_ANALYZER_NONNULL = YES;
				CLANG_ANALYZER_NUMBER_OBJECT_CONVERSION = YES_AGGRESSIVE;
				CLANG_CXX_LANGUAGE_STANDARD = "gnu++20";
				CLANG_ENABLE_MODULES = YES;
				CLANG_ENABLE_OBJC_ARC = YES;
				CLANG_ENABLE_OBJC_WEAK = YES;
				CLANG_WARN_BLOCK_CAPTURE_AUTORELEASING = YES;
				CLANG_WARN_BOOL_CONVERSION = YES;
				CLANG_WARN_COMMA = YES;
				CLANG_WARN_CONSTANT_CONVERSION = YES;
				CLANG_WARN_DEPRECATED_OBJC_IMPLEMENTATIONS = YES;
				CLANG_WARN_DIRECT_OBJC_ISA_USAGE = YES_ERROR;
				CLANG_WARN_DOCUMENTATION_COMMENTS = YES;
				CLANG_WARN_EMPTY_BODY = YES;
				CLANG_WARN_ENUM_CONVERSION = YES;
				CLANG_WARN_INFINITE_RECURSION = YES;
				CLANG_WARN_INT_CONVERSION = YES;
				CLANG_WARN_NON_LITERAL_NULL_CONVERSION = YES;
				CLANG_WARN_OBJC_IMPLICIT_RETAIN_SELF = YES;
				CLANG_WARN_OBJC_LITERAL_CONVERSION = YES;
				CLANG_WARN_OBJC_ROOT_CLASS = YES_ERROR;
				CLANG_WARN_QUOTED_INCLUDE_IN_FRAMEWORK_HEADER = YES;
				CLANG_WARN_RANGE_LOOP_ANALYSIS = YES;
				CLANG_WARN_STRICT_PROTOTYPES = YES;
				CLANG_WARN_SUSPICIOUS_MOVE = YES;
				CLANG_WARN_UNGUARDED_AVAILABILITY = YES_AGGRESSIVE;
				CLANG_WARN_UNREACHABLE_CODE = YES;
				CLANG_WARN__DUPLICATE_METHOD_MATCH = YES;
				COPY_PHASE_STRIP = NO;
				DEBUG_INFORMATION_FORMAT = "dwarf-with-dsym";
				ENABLE_NS_ASSERTIONS = NO;
				ENABLE_STRICT_OBJC_MSGSEND = YES;
				GCC_C_LANGUAGE_STANDARD = gnu11;
				GCC_NO_COMMON_BLOCKS = YES;
				GCC_WARN_64_TO_32_BIT_CONVERSION = YES;
				GCC_WARN_ABOUT_RETURN_TYPE = YES_ERROR;
				GCC_WARN_UNDECLARED_SELECTOR = YES;
				GCC_WARN_UNINITIALIZED_AUTOS = YES_AGGRESSIVE;
				GCC_WARN_UNUSED_FUNCTION = YES;
				GCC_WARN_UNUSED_VARIABLE = YES;
				IPHONEOS_DEPLOYMENT_TARGET = 16.0;
				MTL_ENABLE_DEBUG_INFO = NO;
				MTL_FAST_MATH = YES;
				SDKROOT = iphoneos;
				VALIDATE_PRODUCT = YES;
			};
			name = Release;
		};
		85489A4C2AEDD9450067813D /* Debug */ = {
			isa = XCBuildConfiguration;
			buildSettings = {
				ASSETCATALOG_COMPILER_APPICON_NAME = AppIcon;
				ASSETCATALOG_COMPILER_GLOBAL_ACCENT_COLOR_NAME = AccentColor;
				CODE_SIGN_STYLE = Automatic;
				CURRENT_PROJECT_VERSION = 1;
				GENERATE_INFOPLIST_FILE = YES;
				INFOPLIST_FILE = appGameCarts/Info.plist;
				INFOPLIST_KEY_UIApplicationSupportsIndirectInputEvents = YES;
				INFOPLIST_KEY_UILaunchStoryboardName = LaunchScreen;
				INFOPLIST_KEY_UIMainStoryboardFile = Main;
				INFOPLIST_KEY_UISupportedInterfaceOrientations_iPad = "UIInterfaceOrientationPortrait UIInterfaceOrientationPortraitUpsideDown UIInterfaceOrientationLandscapeLeft UIInterfaceOrientationLandscapeRight";
				INFOPLIST_KEY_UISupportedInterfaceOrientations_iPhone = "UIInterfaceOrientationPortrait UIInterfaceOrientationLandscapeLeft UIInterfaceOrientationLandscapeRight";
				LD_RUNPATH_SEARCH_PATHS = (
					"$(inherited)",
					"@executable_path/Frameworks",
				);
				MARKETING_VERSION = 1.0;
				PRODUCT_BUNDLE_IDENTIFIER = isra.appGameCarts;
				PRODUCT_NAME = "$(TARGET_NAME)";
				SWIFT_EMIT_LOC_STRINGS = YES;
				TARGETED_DEVICE_FAMILY = "1,2";
			};
			name = Debug;
		};
		85489A4D2AEDD9450067813D /* Release */ = {
			isa = XCBuildConfiguration;
			buildSettings = {
				ASSETCATALOG_COMPILER_APPICON_NAME = AppIcon;
				ASSETCATALOG_COMPILER_GLOBAL_ACCENT_COLOR_NAME = AccentColor;
				CODE_SIGN_STYLE = Automatic;
				CURRENT_PROJECT_VERSION = 1;
				GENERATE_INFOPLIST_FILE = YES;
				INFOPLIST_FILE = appGameCarts/Info.plist;
				INFOPLIST_KEY_UIApplicationSupportsIndirectInputEvents = YES;
				INFOPLIST_KEY_UILaunchStoryboardName = LaunchScreen;
				INFOPLIST_KEY_UIMainStoryboardFile = Main;
				INFOPLIST_KEY_UISupportedInterfaceOrientations_iPad = "UIInterfaceOrientationPortrait UIInterfaceOrientationPortraitUpsideDown UIInterfaceOrientationLandscapeLeft UIInterfaceOrientationLandscapeRight";
				INFOPLIST_KEY_UISupportedInterfaceOrientations_iPhone = "UIInterfaceOrientationPortrait UIInterfaceOrientationLandscapeLeft UIInterfaceOrientationLandscapeRight";
				LD_RUNPATH_SEARCH_PATHS = (
					"$(inherited)",
					"@executable_path/Frameworks",
				);
				MARKETING_VERSION = 1.0;
				PRODUCT_BUNDLE_IDENTIFIER = isra.appGameCarts;
				PRODUCT_NAME = "$(TARGET_NAME)";
				SWIFT_EMIT_LOC_STRINGS = YES;
				TARGETED_DEVICE_FAMILY = "1,2";
			};
			name = Release;
		};
/* End XCBuildConfiguration section */

/* Begin XCConfigurationList section */
		85489A2D2AEDD9410067813D /* Build configuration list for PBXProject "appGameCarts" */ = {
			isa = XCConfigurationList;
			buildConfigurations = (
				85489A492AEDD9450067813D /* Debug */,
				85489A4A2AEDD9450067813D /* Release */,
			);
			defaultConfigurationIsVisible = 0;
			defaultConfigurationName = Release;
		};
		85489A4B2AEDD9450067813D /* Build configuration list for PBXNativeTarget "appGameCarts" */ = {
			isa = XCConfigurationList;
			buildConfigurations = (
				85489A4C2AEDD9450067813D /* Debug */,
				85489A4D2AEDD9450067813D /* Release */,
			);
			defaultConfigurationIsVisible = 0;
			defaultConfigurationName = Release;
		};
/* End XCConfigurationList section */
	};
	rootObject = 85489A2A2AEDD9410067813D /* Project object */;
}
